
Microsoft Visual Studio Solution File, Format Version 12.00
# Visual Studio Version 17
VisualStudioVersion = 17.14.36221.1
MinimumVisualStudioVersion = 10.0.40219.1
Project("{FAE04EC0-301F-11D3-BF4B-00C04F79EFBC}") = "ArcabeastsMain", "ArcabeastsMain\ArcabeastsMain.csproj", "{AF2A11FA-43C5-4E06-8537-DE59F96BBD8A}"
EndProject
Project("{FAE04EC0-301F-11D3-BF4B-00C04F79EFBC}") = "Arcabeasts.DataLib", "Arcabeasts.DataLib\Arcabeasts.DataLib.csproj", "{09B8BB8B-FAB1-4AE9-B527-2F4489CA76A2}"
EndProject
Project("{FAE04EC0-301F-11D3-BF4B-00C04F79EFBC}") = "Arcabeasts.GameData", "Arcabeasts.GameData\Arcabeasts.GameData.csproj", "{DEDB725E-032B-431A-B5C7-4A95BED936D5}"
EndProject
Project("{FAE04EC0-301F-11D3-BF4B-00C04F79EFBC}") = "Arcabeasts.Combat", "Arcabeasts.Combat\Arcabeasts.Combat.csproj", "{965A35E6-6229-4EAE-9B00-E5927796BE3A}"
EndProject
Global
	GlobalSection(SolutionConfigurationPlatforms) = preSolution
		Debug|Any CPU = Debug|Any CPU
		Release|Any CPU = Release|Any CPU
	EndGlobalSection
	GlobalSection(ProjectConfigurationPlatforms) = postSolution
		{AF2A11FA-43C5-4E06-8537-DE59F96BBD8A}.Debug|Any CPU.ActiveCfg = Debug|Any CPU
		{AF2A11FA-43C5-4E06-8537-DE59F96BBD8A}.Debug|Any CPU.Build.0 = Debug|Any CPU
		{AF2A11FA-43C5-4E06-8537-DE59F96BBD8A}.Release|Any CPU.ActiveCfg = Release|Any CPU
		{AF2A11FA-43C5-4E06-8537-DE59F96BBD8A}.Release|Any CPU.Build.0 = Release|Any CPU
		{09B8BB8B-FAB1-4AE9-B527-2F4489CA76A2}.Debug|Any CPU.ActiveCfg = Debug|Any CPU
		{09B8BB8B-FAB1-4AE9-B527-2F4489CA76A2}.Debug|Any CPU.Build.0 = Debug|Any CPU
		{09B8BB8B-FAB1-4AE9-B527-2F4489CA76A2}.Release|Any CPU.ActiveCfg = Release|Any CPU
		{09B8BB8B-FAB1-4AE9-B527-2F4489CA76A2}.Release|Any CPU.Build.0 = Release|Any CPU
		{DEDB725E-032B-431A-B5C7-4A95BED936D5}.Debug|Any CPU.ActiveCfg = Debug|Any CPU
		{DEDB725E-032B-431A-B5C7-4A95BED936D5}.Debug|Any CPU.Build.0 = Debug|Any CPU
		{DEDB725E-032B-431A-B5C7-4A95BED936D5}.Release|Any CPU.ActiveCfg = Release|Any CPU
		{DEDB725E-032B-431A-B5C7-4A95BED936D5}.Release|Any CPU.Build.0 = Release|Any CPU
		{965A35E6-6229-4EAE-9B00-E5927796BE3A}.Debug|Any CPU.ActiveCfg = Debug|Any CPU
		{965A35E6-6229-4EAE-9B00-E5927796BE3A}.Debug|Any CPU.Build.0 = Debug|Any CPU
		{965A35E6-6229-4EAE-9B00-E5927796BE3A}.Release|Any CPU.ActiveCfg = Release|Any CPU
		{965A35E6-6229-4EAE-9B00-E5927796BE3A}.Release|Any CPU.Build.0 = Release|Any CPU
	EndGlobalSection
	GlobalSection(SolutionProperties) = preSolution
		HideSolutionNode = FALSE
	EndGlobalSection
	GlobalSection(ExtensibilityGlobals) = postSolution
		SolutionGuid = {5946B1DE-00C7-47FD-AF26-3BD12BED437B}
	EndGlobalSection
EndGlobal
